
Microsoft Visual Studio Solution File, Format Version 12.00
# Visual Studio Version 17
VisualStudioVersion = 17.2.32526.322
MinimumVisualStudioVersion = 10.0.40219.1
Project("{FAE04EC0-301F-11D3-BF4B-00C04F79EFBC}") = "StudentApplication", "StudentApplication\StudentApplication.csproj", "{B9B1E9D9-846D-4BCC-BE2A-AE28E84360CB}"
EndProject
Global
	GlobalSection(SolutionConfigurationPlatforms) = preSolution
		Debug|Any CPU = Debug|Any CPU
		Release|Any CPU = Release|Any CPU
	EndGlobalSection
	GlobalSection(ProjectConfigurationPlatforms) = postSolution
		{B9B1E9D9-846D-4BCC-BE2A-AE28E84360CB}.Debug|Any CPU.ActiveCfg = Debug|Any CPU
		{B9B1E9D9-846D-4BCC-BE2A-AE28E84360CB}.Debug|Any CPU.Build.0 = Debug|Any CPU
		{B9B1E9D9-846D-4BCC-BE2A-AE28E84360CB}.Release|Any CPU.ActiveCfg = Release|Any CPU
		{B9B1E9D9-846D-4BCC-BE2A-AE28E84360CB}.Release|Any CPU.Build.0 = Release|Any CPU
	EndGlobalSection
	GlobalSection(SolutionProperties) = preSolution
		HideSolutionNode = FALSE
	EndGlobalSection
	GlobalSection(ExtensibilityGlobals) = postSolution
		SolutionGuid = {1F1887B3-AB68-4662-BDCC-9F8AB4715D98}
	EndGlobalSection
EndGlobal
